
Microsoft Visual Studio Solution File, Format Version 12.00
# Visual Studio 2012
Project("{FAE04EC0-301F-11D3-BF4B-00C04F79EFBC}") = "RMSClient", "RMSClient\RMSClient.csproj", "{1575826D-CCC4-41FD-9F9C-05B7331B9EC4}"
EndProject
Project("{FAE04EC0-301F-11D3-BF4B-00C04F79EFBC}") = "ProtectionAPI", "..\IpcManagedAPI\ProtectionAPI.csproj", "{F62216AB-28D4-4033-932C-E5A94E38C3B3}"
EndProject
Project("{6141683F-8A12-4E36-9623-2EB02B2C2303}") = "RMSInstaller", "RMSInstaller\RMSInstaller.isproj", "{BD2405A1-FF76-4E50-84FC-4675BDC56B72}"
	ProjectSection(ProjectDependencies) = postProject
		{1575826D-CCC4-41FD-9F9C-05B7331B9EC4} = {1575826D-CCC4-41FD-9F9C-05B7331B9EC4}
		{F62216AB-28D4-4033-932C-E5A94E38C3B3} = {F62216AB-28D4-4033-932C-E5A94E38C3B3}
	EndProjectSection
EndProject
Global
	GlobalSection(SubversionScc) = preSolution
		Svn-Managed = True
		Manager = AnkhSVN - Subversion Support for Visual Studio
	EndGlobalSection
	GlobalSection(SolutionConfigurationPlatforms) = preSolution
		CD_ROM|Any CPU = CD_ROM|Any CPU
		Debug|Any CPU = Debug|Any CPU
		DVD-5|Any CPU = DVD-5|Any CPU
		Release|Any CPU = Release|Any CPU
		SingleImage|Any CPU = SingleImage|Any CPU
	EndGlobalSection
	GlobalSection(ProjectConfigurationPlatforms) = postSolution
		{1575826D-CCC4-41FD-9F9C-05B7331B9EC4}.CD_ROM|Any CPU.ActiveCfg = Release|Any CPU
		{1575826D-CCC4-41FD-9F9C-05B7331B9EC4}.CD_ROM|Any CPU.Build.0 = Release|Any CPU
		{1575826D-CCC4-41FD-9F9C-05B7331B9EC4}.Debug|Any CPU.ActiveCfg = Debug|Any CPU
		{1575826D-CCC4-41FD-9F9C-05B7331B9EC4}.Debug|Any CPU.Build.0 = Debug|Any CPU
		{1575826D-CCC4-41FD-9F9C-05B7331B9EC4}.DVD-5|Any CPU.ActiveCfg = Debug|Any CPU
		{1575826D-CCC4-41FD-9F9C-05B7331B9EC4}.DVD-5|Any CPU.Build.0 = Debug|Any CPU
		{1575826D-CCC4-41FD-9F9C-05B7331B9EC4}.Release|Any CPU.ActiveCfg = Release|Any CPU
		{1575826D-CCC4-41FD-9F9C-05B7331B9EC4}.Release|Any CPU.Build.0 = Release|Any CPU
		{1575826D-CCC4-41FD-9F9C-05B7331B9EC4}.SingleImage|Any CPU.ActiveCfg = Release|Any CPU
		{1575826D-CCC4-41FD-9F9C-05B7331B9EC4}.SingleImage|Any CPU.Build.0 = Release|Any CPU
		{F62216AB-28D4-4033-932C-E5A94E38C3B3}.CD_ROM|Any CPU.ActiveCfg = Release|Any CPU
		{F62216AB-28D4-4033-932C-E5A94E38C3B3}.CD_ROM|Any CPU.Build.0 = Release|Any CPU
		{F62216AB-28D4-4033-932C-E5A94E38C3B3}.Debug|Any CPU.ActiveCfg = Debug|Any CPU
		{F62216AB-28D4-4033-932C-E5A94E38C3B3}.Debug|Any CPU.Build.0 = Debug|Any CPU
		{F62216AB-28D4-4033-932C-E5A94E38C3B3}.DVD-5|Any CPU.ActiveCfg = Debug|Any CPU
		{F62216AB-28D4-4033-932C-E5A94E38C3B3}.DVD-5|Any CPU.Build.0 = Debug|Any CPU
		{F62216AB-28D4-4033-932C-E5A94E38C3B3}.Release|Any CPU.ActiveCfg = Release|Any CPU
		{F62216AB-28D4-4033-932C-E5A94E38C3B3}.Release|Any CPU.Build.0 = Release|Any CPU
		{F62216AB-28D4-4033-932C-E5A94E38C3B3}.SingleImage|Any CPU.ActiveCfg = Release|Any CPU
		{F62216AB-28D4-4033-932C-E5A94E38C3B3}.SingleImage|Any CPU.Build.0 = Release|Any CPU
		{BD2405A1-FF76-4E50-84FC-4675BDC56B72}.CD_ROM|Any CPU.ActiveCfg = CD_ROM
		{BD2405A1-FF76-4E50-84FC-4675BDC56B72}.CD_ROM|Any CPU.Build.0 = CD_ROM
		{BD2405A1-FF76-4E50-84FC-4675BDC56B72}.Debug|Any CPU.ActiveCfg = DVD-5
		{BD2405A1-FF76-4E50-84FC-4675BDC56B72}.Debug|Any CPU.Build.0 = DVD-5
		{BD2405A1-FF76-4E50-84FC-4675BDC56B72}.DVD-5|Any CPU.ActiveCfg = DVD-5
		{BD2405A1-FF76-4E50-84FC-4675BDC56B72}.DVD-5|Any CPU.Build.0 = DVD-5
		{BD2405A1-FF76-4E50-84FC-4675BDC56B72}.Release|Any CPU.ActiveCfg = SingleImage
		{BD2405A1-FF76-4E50-84FC-4675BDC56B72}.Release|Any CPU.Build.0 = SingleImage
		{BD2405A1-FF76-4E50-84FC-4675BDC56B72}.SingleImage|Any CPU.ActiveCfg = SingleImage
		{BD2405A1-FF76-4E50-84FC-4675BDC56B72}.SingleImage|Any CPU.Build.0 = SingleImage
	EndGlobalSection
	GlobalSection(SolutionProperties) = preSolution
		HideSolutionNode = FALSE
	EndGlobalSection
EndGlobal
