
Microsoft Visual Studio Solution File, Format Version 12.00
# Visual Studio 2012
Project("{FAE04EC0-301F-11D3-BF4B-00C04F79EFBC}") = "RMSClient", "RMSClient\RMSClient.csproj", "{1575826D-CCC4-41FD-9F9C-05B7331B9EC4}"
EndProject
Project("{FAE04EC0-301F-11D3-BF4B-00C04F79EFBC}") = "ProtectionAPI", "..\IpcManagedAPI\ProtectionAPI.csproj", "{F62216AB-28D4-4033-932C-E5A94E38C3B3}"
EndProject
Global
	GlobalSection(SubversionScc) = preSolution
		Svn-Managed = True
		Manager = AnkhSVN - Subversion Support for Visual Studio
	EndGlobalSection
	GlobalSection(SolutionConfigurationPlatforms) = preSolution
		Debug|Any CPU = Debug|Any CPU
		Release|Any CPU = Release|Any CPU
	EndGlobalSection
	GlobalSection(ProjectConfigurationPlatforms) = postSolution
		{1575826D-CCC4-41FD-9F9C-05B7331B9EC4}.Debug|Any CPU.ActiveCfg = Debug|Any CPU
		{1575826D-CCC4-41FD-9F9C-05B7331B9EC4}.Debug|Any CPU.Build.0 = Debug|Any CPU
		{1575826D-CCC4-41FD-9F9C-05B7331B9EC4}.Release|Any CPU.ActiveCfg = Release|Any CPU
		{1575826D-CCC4-41FD-9F9C-05B7331B9EC4}.Release|Any CPU.Build.0 = Release|Any CPU
		{F62216AB-28D4-4033-932C-E5A94E38C3B3}.Debug|Any CPU.ActiveCfg = Debug|Any CPU
		{F62216AB-28D4-4033-932C-E5A94E38C3B3}.Debug|Any CPU.Build.0 = Debug|Any CPU
		{F62216AB-28D4-4033-932C-E5A94E38C3B3}.Release|Any CPU.ActiveCfg = Release|Any CPU
		{F62216AB-28D4-4033-932C-E5A94E38C3B3}.Release|Any CPU.Build.0 = Release|Any CPU
	EndGlobalSection
	GlobalSection(SolutionProperties) = preSolution
		HideSolutionNode = FALSE
	EndGlobalSection
EndGlobal
