
Microsoft Visual Studio Solution File, Format Version 12.00
# Visual Studio 2012
Project("{FAE04EC0-301F-11D3-BF4B-00C04F79EFBC}") = "rmsWebAPI", "rmsWebAPI\rmsWebAPI.csproj", "{FA43EAD2-A420-45E8-9268-0DF11E34A421}"
EndProject
Global
	GlobalSection(SubversionScc) = preSolution
		Svn-Managed = True
		Manager = AnkhSVN - Subversion Support for Visual Studio
	EndGlobalSection
	GlobalSection(SolutionConfigurationPlatforms) = preSolution
		Debug|Any CPU = Debug|Any CPU
		Release|Any CPU = Release|Any CPU
	EndGlobalSection
	GlobalSection(ProjectConfigurationPlatforms) = postSolution
		{FA43EAD2-A420-45E8-9268-0DF11E34A421}.Debug|Any CPU.ActiveCfg = Debug|Any CPU
		{FA43EAD2-A420-45E8-9268-0DF11E34A421}.Debug|Any CPU.Build.0 = Debug|Any CPU
		{FA43EAD2-A420-45E8-9268-0DF11E34A421}.Release|Any CPU.ActiveCfg = Release|Any CPU
		{FA43EAD2-A420-45E8-9268-0DF11E34A421}.Release|Any CPU.Build.0 = Release|Any CPU
	EndGlobalSection
	GlobalSection(SolutionProperties) = preSolution
		HideSolutionNode = FALSE
	EndGlobalSection
EndGlobal
